
Microsoft Visual Studio Solution File, Format Version 12.00
# Visual Studio Version 16
VisualStudioVersion = 16.0.31702.278
MinimumVisualStudioVersion = 10.0.40219.1
Project("{8BC9CEB8-8B4A-11D0-8D11-00A0C91BC942}") = "2.25", "2.25\2.25.vcxproj", "{AB664808-B7AE-4384-ADF3-2380B2C1E899}"
EndProject
Global
	GlobalSection(SolutionConfigurationPlatforms) = preSolution
		Debug|x64 = Debug|x64
		Debug|x86 = Debug|x86
		Release|x64 = Release|x64
		Release|x86 = Release|x86
	EndGlobalSection
	GlobalSection(ProjectConfigurationPlatforms) = postSolution
		{AB664808-B7AE-4384-ADF3-2380B2C1E899}.Debug|x64.ActiveCfg = Debug|x64
		{AB664808-B7AE-4384-ADF3-2380B2C1E899}.Debug|x64.Build.0 = Debug|x64
		{AB664808-B7AE-4384-ADF3-2380B2C1E899}.Debug|x86.ActiveCfg = Debug|Win32
		{AB664808-B7AE-4384-ADF3-2380B2C1E899}.Debug|x86.Build.0 = Debug|Win32
		{AB664808-B7AE-4384-ADF3-2380B2C1E899}.Release|x64.ActiveCfg = Release|x64
		{AB664808-B7AE-4384-ADF3-2380B2C1E899}.Release|x64.Build.0 = Release|x64
		{AB664808-B7AE-4384-ADF3-2380B2C1E899}.Release|x86.ActiveCfg = Release|Win32
		{AB664808-B7AE-4384-ADF3-2380B2C1E899}.Release|x86.Build.0 = Release|Win32
	EndGlobalSection
	GlobalSection(SolutionProperties) = preSolution
		HideSolutionNode = FALSE
	EndGlobalSection
	GlobalSection(ExtensibilityGlobals) = postSolution
		SolutionGuid = {5848630E-99BA-4F74-9D9D-236B5BB1B41E}
	EndGlobalSection
EndGlobal
